// !$*UTF8*$!
{
	archiveVersion = 1;
	classes = {
	};
	objectVersion = 55;
	objects = {

/* Begin PBXBuildFile section */
		470C0B40A32BE12F1F8654E2 /* Pods_TodoListApp.framework in Frameworks */ = {isa = PBXBuildFile; fileRef = 7FEEFAE7182356C0CA694FA4 /* Pods_TodoListApp.framework */; };
		68BD7FEA92DBFB0C729846B2 /* Pods_TodoListAppTests.framework in Frameworks */ = {isa = PBXBuildFile; fileRef = 9BC3FDBFAE21B2DA6D7ED31F /* Pods_TodoListAppTests.framework */; };
		8D2C72387F49B39C8525CFCE /* Pods_TodoListApp_TodoListAppUITests.framework in Frameworks */ = {isa = PBXBuildFile; fileRef = 775F9F0B1E232D3B6D2924EA /* Pods_TodoListApp_TodoListAppUITests.framework */; };
		A4427C62282AFFEB00465A65 /* TodoListAppApp.swift in Sources */ = {isa = PBXBuildFile; fileRef = A4427C61282AFFEB00465A65 /* TodoListAppApp.swift */; };
		A4427C64282AFFEB00465A65 /* ContentView.swift in Sources */ = {isa = PBXBuildFile; fileRef = A4427C63282AFFEB00465A65 /* ContentView.swift */; };
		A4427C66282AFFED00465A65 /* Assets.xcassets in Resources */ = {isa = PBXBuildFile; fileRef = A4427C65282AFFED00465A65 /* Assets.xcassets */; };
		A4427C69282AFFED00465A65 /* Preview Assets.xcassets in Resources */ = {isa = PBXBuildFile; fileRef = A4427C68282AFFED00465A65 /* Preview Assets.xcassets */; };
		A4427C73282AFFEE00465A65 /* TodoListAppTests.swift in Sources */ = {isa = PBXBuildFile; fileRef = A4427C72282AFFEE00465A65 /* TodoListAppTests.swift */; };
		A4427C8D282B012C00465A65 /* Features in Resources */ = {isa = PBXBuildFile; fileRef = A4427C8C282B012C00465A65 /* Features */; };
		A4427C90282B015C00465A65 /* CucumberishLoader.m in Sources */ = {isa = PBXBuildFile; fileRef = A4427C8F282B015C00465A65 /* CucumberishLoader.m */; };
		A4427C92282B01DB00465A65 /* CucumberishInitializer.swift in Sources */ = {isa = PBXBuildFile; fileRef = A4427C91282B01DB00465A65 /* CucumberishInitializer.swift */; };
		A4427C95282EB68400465A65 /* TodoListHomePage.swift in Sources */ = {isa = PBXBuildFile; fileRef = A4427C94282EB68400465A65 /* TodoListHomePage.swift */; };
/* End PBXBuildFile section */

/* Begin PBXContainerItemProxy section */
		A4427C6F282AFFEE00465A65 /* PBXContainerItemProxy */ = {
			isa = PBXContainerItemProxy;
			containerPortal = A4427C56282AFFEA00465A65 /* Project object */;
			proxyType = 1;
			remoteGlobalIDString = A4427C5D282AFFEA00465A65;
			remoteInfo = TodoListApp;
		};
		A4427C79282AFFEE00465A65 /* PBXContainerItemProxy */ = {
			isa = PBXContainerItemProxy;
			containerPortal = A4427C56282AFFEA00465A65 /* Project object */;
			proxyType = 1;
			remoteGlobalIDString = A4427C5D282AFFEA00465A65;
			remoteInfo = TodoListApp;
		};
/* End PBXContainerItemProxy section */

/* Begin PBXFileReference section */
		183A90E3CB1CF7BF2E60C144 /* Pods-TodoListApp-TodoListAppUITests.release.xcconfig */ = {isa = PBXFileReference; includeInIndex = 1; lastKnownFileType = text.xcconfig; name = "Pods-TodoListApp-TodoListAppUITests.release.xcconfig"; path = "Target Support Files/Pods-TodoListApp-TodoListAppUITests/Pods-TodoListApp-TodoListAppUITests.release.xcconfig"; sourceTree = "<group>"; };
		4A5A6218A2DF7AE77AE5A1C6 /* Pods-TodoListApp.debug.xcconfig */ = {isa = PBXFileReference; includeInIndex = 1; lastKnownFileType = text.xcconfig; name = "Pods-TodoListApp.debug.xcconfig"; path = "Target Support Files/Pods-TodoListApp/Pods-TodoListApp.debug.xcconfig"; sourceTree = "<group>"; };
		775F9F0B1E232D3B6D2924EA /* Pods_TodoListApp_TodoListAppUITests.framework */ = {isa = PBXFileReference; explicitFileType = wrapper.framework; includeInIndex = 0; path = Pods_TodoListApp_TodoListAppUITests.framework; sourceTree = BUILT_PRODUCTS_DIR; };
		7FEEFAE7182356C0CA694FA4 /* Pods_TodoListApp.framework */ = {isa = PBXFileReference; explicitFileType = wrapper.framework; includeInIndex = 0; path = Pods_TodoListApp.framework; sourceTree = BUILT_PRODUCTS_DIR; };
		90D3BF9E9AB30456965D9AB9 /* Pods-TodoListApp.release.xcconfig */ = {isa = PBXFileReference; includeInIndex = 1; lastKnownFileType = text.xcconfig; name = "Pods-TodoListApp.release.xcconfig"; path = "Target Support Files/Pods-TodoListApp/Pods-TodoListApp.release.xcconfig"; sourceTree = "<group>"; };
		9BC3FDBFAE21B2DA6D7ED31F /* Pods_TodoListAppTests.framework */ = {isa = PBXFileReference; explicitFileType = wrapper.framework; includeInIndex = 0; path = Pods_TodoListAppTests.framework; sourceTree = BUILT_PRODUCTS_DIR; };
		A4427C5E282AFFEA00465A65 /* TodoListApp.app */ = {isa = PBXFileReference; explicitFileType = wrapper.application; includeInIndex = 0; path = TodoListApp.app; sourceTree = BUILT_PRODUCTS_DIR; };
		A4427C61282AFFEB00465A65 /* TodoListAppApp.swift */ = {isa = PBXFileReference; lastKnownFileType = sourcecode.swift; path = TodoListAppApp.swift; sourceTree = "<group>"; };
		A4427C63282AFFEB00465A65 /* ContentView.swift */ = {isa = PBXFileReference; lastKnownFileType = sourcecode.swift; path = ContentView.swift; sourceTree = "<group>"; };
		A4427C65282AFFED00465A65 /* Assets.xcassets */ = {isa = PBXFileReference; lastKnownFileType = folder.assetcatalog; path = Assets.xcassets; sourceTree = "<group>"; };
		A4427C68282AFFED00465A65 /* Preview Assets.xcassets */ = {isa = PBXFileReference; lastKnownFileType = folder.assetcatalog; path = "Preview Assets.xcassets"; sourceTree = "<group>"; };
		A4427C6E282AFFEE00465A65 /* TodoListAppTests.xctest */ = {isa = PBXFileReference; explicitFileType = wrapper.cfbundle; includeInIndex = 0; path = TodoListAppTests.xctest; sourceTree = BUILT_PRODUCTS_DIR; };
		A4427C72282AFFEE00465A65 /* TodoListAppTests.swift */ = {isa = PBXFileReference; lastKnownFileType = sourcecode.swift; path = TodoListAppTests.swift; sourceTree = "<group>"; };
		A4427C78282AFFEE00465A65 /* TodoListAppUITests.xctest */ = {isa = PBXFileReference; explicitFileType = wrapper.cfbundle; includeInIndex = 0; path = TodoListAppUITests.xctest; sourceTree = BUILT_PRODUCTS_DIR; };
		A4427C8C282B012C00465A65 /* Features */ = {isa = PBXFileReference; lastKnownFileType = folder; path = Features; sourceTree = "<group>"; };
		A4427C8E282B015B00465A65 /* TodoListAppUITests-Bridging-Header.h */ = {isa = PBXFileReference; lastKnownFileType = sourcecode.c.h; path = "TodoListAppUITests-Bridging-Header.h"; sourceTree = "<group>"; };
		A4427C8F282B015C00465A65 /* CucumberishLoader.m */ = {isa = PBXFileReference; lastKnownFileType = sourcecode.c.objc; path = CucumberishLoader.m; sourceTree = "<group>"; };
		A4427C91282B01DB00465A65 /* CucumberishInitializer.swift */ = {isa = PBXFileReference; lastKnownFileType = sourcecode.swift; path = CucumberishInitializer.swift; sourceTree = "<group>"; };
		A4427C94282EB68400465A65 /* TodoListHomePage.swift */ = {isa = PBXFileReference; lastKnownFileType = sourcecode.swift; path = TodoListHomePage.swift; sourceTree = "<group>"; };
		AA56AA2F0CBCC9E75E657372 /* Pods-TodoListAppTests.debug.xcconfig */ = {isa = PBXFileReference; includeInIndex = 1; lastKnownFileType = text.xcconfig; name = "Pods-TodoListAppTests.debug.xcconfig"; path = "Target Support Files/Pods-TodoListAppTests/Pods-TodoListAppTests.debug.xcconfig"; sourceTree = "<group>"; };
		CEBDE3DCDD970DE10A7573AF /* Pods-TodoListAppTests.release.xcconfig */ = {isa = PBXFileReference; includeInIndex = 1; lastKnownFileType = text.xcconfig; name = "Pods-TodoListAppTests.release.xcconfig"; path = "Target Support Files/Pods-TodoListAppTests/Pods-TodoListAppTests.release.xcconfig"; sourceTree = "<group>"; };
		E550FEBC360BF3BAFB0B3C83 /* Pods-TodoListApp-TodoListAppUITests.debug.xcconfig */ = {isa = PBXFileReference; includeInIndex = 1; lastKnownFileType = text.xcconfig; name = "Pods-TodoListApp-TodoListAppUITests.debug.xcconfig"; path = "Target Support Files/Pods-TodoListApp-TodoListAppUITests/Pods-TodoListApp-TodoListAppUITests.debug.xcconfig"; sourceTree = "<group>"; };
/* End PBXFileReference section */

/* Begin PBXFrameworksBuildPhase section */
		A4427C5B282AFFEA00465A65 /* Frameworks */ = {
			isa = PBXFrameworksBuildPhase;
			buildActionMask = 2147483647;
			files = (
				470C0B40A32BE12F1F8654E2 /* Pods_TodoListApp.framework in Frameworks */,
			);
			runOnlyForDeploymentPostprocessing = 0;
		};
		A4427C6B282AFFEE00465A65 /* Frameworks */ = {
			isa = PBXFrameworksBuildPhase;
			buildActionMask = 2147483647;
			files = (
				68BD7FEA92DBFB0C729846B2 /* Pods_TodoListAppTests.framework in Frameworks */,
			);
			runOnlyForDeploymentPostprocessing = 0;
		};
		A4427C75282AFFEE00465A65 /* Frameworks */ = {
			isa = PBXFrameworksBuildPhase;
			buildActionMask = 2147483647;
			files = (
				8D2C72387F49B39C8525CFCE /* Pods_TodoListApp_TodoListAppUITests.framework in Frameworks */,
			);
			runOnlyForDeploymentPostprocessing = 0;
		};
/* End PBXFrameworksBuildPhase section */

/* Begin PBXGroup section */
		21729604EDF4918D7120CAC1 /* Frameworks */ = {
			isa = PBXGroup;
			children = (
				7FEEFAE7182356C0CA694FA4 /* Pods_TodoListApp.framework */,
				775F9F0B1E232D3B6D2924EA /* Pods_TodoListApp_TodoListAppUITests.framework */,
				9BC3FDBFAE21B2DA6D7ED31F /* Pods_TodoListAppTests.framework */,
			);
			name = Frameworks;
			sourceTree = "<group>";
		};
		A4427C55282AFFEA00465A65 = {
			isa = PBXGroup;
			children = (
				A4427C60282AFFEA00465A65 /* TodoListApp */,
				A4427C71282AFFEE00465A65 /* TodoListAppTests */,
				A4427C7B282AFFEE00465A65 /* TodoListAppUITests */,
				A4427C5F282AFFEA00465A65 /* Products */,
				E2EAD77B1F96A91C043DF734 /* Pods */,
				21729604EDF4918D7120CAC1 /* Frameworks */,
			);
			sourceTree = "<group>";
		};
		A4427C5F282AFFEA00465A65 /* Products */ = {
			isa = PBXGroup;
			children = (
				A4427C5E282AFFEA00465A65 /* TodoListApp.app */,
				A4427C6E282AFFEE00465A65 /* TodoListAppTests.xctest */,
				A4427C78282AFFEE00465A65 /* TodoListAppUITests.xctest */,
			);
			name = Products;
			sourceTree = "<group>";
		};
		A4427C60282AFFEA00465A65 /* TodoListApp */ = {
			isa = PBXGroup;
			children = (
				A4427C61282AFFEB00465A65 /* TodoListAppApp.swift */,
				A4427C63282AFFEB00465A65 /* ContentView.swift */,
				A4427C65282AFFED00465A65 /* Assets.xcassets */,
				A4427C67282AFFED00465A65 /* Preview Content */,
			);
			path = TodoListApp;
			sourceTree = "<group>";
		};
		A4427C67282AFFED00465A65 /* Preview Content */ = {
			isa = PBXGroup;
			children = (
				A4427C68282AFFED00465A65 /* Preview Assets.xcassets */,
			);
			path = "Preview Content";
			sourceTree = "<group>";
		};
		A4427C71282AFFEE00465A65 /* TodoListAppTests */ = {
			isa = PBXGroup;
			children = (
				A4427C72282AFFEE00465A65 /* TodoListAppTests.swift */,
			);
			path = TodoListAppTests;
			sourceTree = "<group>";
		};
		A4427C7B282AFFEE00465A65 /* TodoListAppUITests */ = {
			isa = PBXGroup;
			children = (
				A4427C93282EB66900465A65 /* Page Objects */,
				A4427C8C282B012C00465A65 /* Features */,
				A4427C8F282B015C00465A65 /* CucumberishLoader.m */,
				A4427C8E282B015B00465A65 /* TodoListAppUITests-Bridging-Header.h */,
				A4427C91282B01DB00465A65 /* CucumberishInitializer.swift */,
			);
			path = TodoListAppUITests;
			sourceTree = "<group>";
		};
		A4427C93282EB66900465A65 /* Page Objects */ = {
			isa = PBXGroup;
			children = (
				A4427C94282EB68400465A65 /* TodoListHomePage.swift */,
			);
			path = "Page Objects";
			sourceTree = "<group>";
		};
		E2EAD77B1F96A91C043DF734 /* Pods */ = {
			isa = PBXGroup;
			children = (
				4A5A6218A2DF7AE77AE5A1C6 /* Pods-TodoListApp.debug.xcconfig */,
				90D3BF9E9AB30456965D9AB9 /* Pods-TodoListApp.release.xcconfig */,
				E550FEBC360BF3BAFB0B3C83 /* Pods-TodoListApp-TodoListAppUITests.debug.xcconfig */,
				183A90E3CB1CF7BF2E60C144 /* Pods-TodoListApp-TodoListAppUITests.release.xcconfig */,
				AA56AA2F0CBCC9E75E657372 /* Pods-TodoListAppTests.debug.xcconfig */,
				CEBDE3DCDD970DE10A7573AF /* Pods-TodoListAppTests.release.xcconfig */,
			);
			path = Pods;
			sourceTree = "<group>";
		};
/* End PBXGroup section */

/* Begin PBXNativeTarget section */
		A4427C5D282AFFEA00465A65 /* TodoListApp */ = {
			isa = PBXNativeTarget;
			buildConfigurationList = A4427C82282AFFEE00465A65 /* Build configuration list for PBXNativeTarget "TodoListApp" */;
			buildPhases = (
				A8D34238675033A14B507BD0 /* [CP] Check Pods Manifest.lock */,
				A4427C5A282AFFEA00465A65 /* Sources */,
				A4427C5B282AFFEA00465A65 /* Frameworks */,
				A4427C5C282AFFEA00465A65 /* Resources */,
			);
			buildRules = (
			);
			dependencies = (
			);
			name = TodoListApp;
			productName = TodoListApp;
			productReference = A4427C5E282AFFEA00465A65 /* TodoListApp.app */;
			productType = "com.apple.product-type.application";
		};
		A4427C6D282AFFEE00465A65 /* TodoListAppTests */ = {
			isa = PBXNativeTarget;
			buildConfigurationList = A4427C85282AFFEE00465A65 /* Build configuration list for PBXNativeTarget "TodoListAppTests" */;
			buildPhases = (
				07C0BBCE485D147F14A4B2BF /* [CP] Check Pods Manifest.lock */,
				A4427C6A282AFFEE00465A65 /* Sources */,
				A4427C6B282AFFEE00465A65 /* Frameworks */,
				A4427C6C282AFFEE00465A65 /* Resources */,
			);
			buildRules = (
			);
			dependencies = (
				A4427C70282AFFEE00465A65 /* PBXTargetDependency */,
			);
			name = TodoListAppTests;
			productName = TodoListAppTests;
			productReference = A4427C6E282AFFEE00465A65 /* TodoListAppTests.xctest */;
			productType = "com.apple.product-type.bundle.unit-test";
		};
		A4427C77282AFFEE00465A65 /* TodoListAppUITests */ = {
			isa = PBXNativeTarget;
			buildConfigurationList = A4427C88282AFFEE00465A65 /* Build configuration list for PBXNativeTarget "TodoListAppUITests" */;
			buildPhases = (
				3303D693A7DF065E3052B4F1 /* [CP] Check Pods Manifest.lock */,
				A4427C74282AFFEE00465A65 /* Sources */,
				A4427C75282AFFEE00465A65 /* Frameworks */,
				A4427C76282AFFEE00465A65 /* Resources */,
				8F63EDC0D21A1BBBAD56A2AB /* [CP] Embed Pods Frameworks */,
			);
			buildRules = (
			);
			dependencies = (
				A4427C7A282AFFEE00465A65 /* PBXTargetDependency */,
			);
			name = TodoListAppUITests;
			productName = TodoListAppUITests;
			productReference = A4427C78282AFFEE00465A65 /* TodoListAppUITests.xctest */;
			productType = "com.apple.product-type.bundle.ui-testing";
		};
/* End PBXNativeTarget section */

/* Begin PBXProject section */
		A4427C56282AFFEA00465A65 /* Project object */ = {
			isa = PBXProject;
			attributes = {
				BuildIndependentTargetsInParallel = 1;
				LastSwiftUpdateCheck = 1320;
				LastUpgradeCheck = 1320;
				TargetAttributes = {
					A4427C5D282AFFEA00465A65 = {
						CreatedOnToolsVersion = 13.2.1;
					};
					A4427C6D282AFFEE00465A65 = {
						CreatedOnToolsVersion = 13.2.1;
						TestTargetID = A4427C5D282AFFEA00465A65;
					};
					A4427C77282AFFEE00465A65 = {
						CreatedOnToolsVersion = 13.2.1;
						LastSwiftMigration = 1320;
						TestTargetID = A4427C5D282AFFEA00465A65;
					};
				};
			};
			buildConfigurationList = A4427C59282AFFEA00465A65 /* Build configuration list for PBXProject "TodoListApp" */;
			compatibilityVersion = "Xcode 13.0";
			developmentRegion = en;
			hasScannedForEncodings = 0;
			knownRegions = (
				en,
				Base,
			);
			mainGroup = A4427C55282AFFEA00465A65;
			productRefGroup = A4427C5F282AFFEA00465A65 /* Products */;
			projectDirPath = "";
			projectRoot = "";
			targets = (
				A4427C5D282AFFEA00465A65 /* TodoListApp */,
				A4427C6D282AFFEE00465A65 /* TodoListAppTests */,
				A4427C77282AFFEE00465A65 /* TodoListAppUITests */,
			);
		};
/* End PBXProject section */

/* Begin PBXResourcesBuildPhase section */
		A4427C5C282AFFEA00465A65 /* Resources */ = {
			isa = PBXResourcesBuildPhase;
			buildActionMask = 2147483647;
			files = (
				A4427C69282AFFED00465A65 /* Preview Assets.xcassets in Resources */,
				A4427C66282AFFED00465A65 /* Assets.xcassets in Resources */,
			);
			runOnlyForDeploymentPostprocessing = 0;
		};
		A4427C6C282AFFEE00465A65 /* Resources */ = {
			isa = PBXResourcesBuildPhase;
			buildActionMask = 2147483647;
			files = (
			);
			runOnlyForDeploymentPostprocessing = 0;
		};
		A4427C76282AFFEE00465A65 /* Resources */ = {
			isa = PBXResourcesBuildPhase;
			buildActionMask = 2147483647;
			files = (
				A4427C8D282B012C00465A65 /* Features in Resources */,
			);
			runOnlyForDeploymentPostprocessing = 0;
		};
/* End PBXResourcesBuildPhase section */

/* Begin PBXShellScriptBuildPhase section */
		07C0BBCE485D147F14A4B2BF /* [CP] Check Pods Manifest.lock */ = {
			isa = PBXShellScriptBuildPhase;
			buildActionMask = 2147483647;
			files = (
			);
			inputFileListPaths = (
			);
			inputPaths = (
				"${PODS_PODFILE_DIR_PATH}/Podfile.lock",
				"${PODS_ROOT}/Manifest.lock",
			);
			name = "[CP] Check Pods Manifest.lock";
			outputFileListPaths = (
			);
			outputPaths = (
				"$(DERIVED_FILE_DIR)/Pods-TodoListAppTests-checkManifestLockResult.txt",
			);
			runOnlyForDeploymentPostprocessing = 0;
			shellPath = /bin/sh;
			shellScript = "diff \"${PODS_PODFILE_DIR_PATH}/Podfile.lock\" \"${PODS_ROOT}/Manifest.lock\" > /dev/null\nif [ $? != 0 ] ; then\n    # print error to STDERR\n    echo \"error: The sandbox is not in sync with the Podfile.lock. Run 'pod install' or update your CocoaPods installation.\" >&2\n    exit 1\nfi\n# This output is used by Xcode 'outputs' to avoid re-running this script phase.\necho \"SUCCESS\" > \"${SCRIPT_OUTPUT_FILE_0}\"\n";
			showEnvVarsInLog = 0;
		};
		3303D693A7DF065E3052B4F1 /* [CP] Check Pods Manifest.lock */ = {
			isa = PBXShellScriptBuildPhase;
			buildActionMask = 2147483647;
			files = (
			);
			inputFileListPaths = (
			);
			inputPaths = (
				"${PODS_PODFILE_DIR_PATH}/Podfile.lock",
				"${PODS_ROOT}/Manifest.lock",
			);
			name = "[CP] Check Pods Manifest.lock";
			outputFileListPaths = (
			);
			outputPaths = (
				"$(DERIVED_FILE_DIR)/Pods-TodoListApp-TodoListAppUITests-checkManifestLockResult.txt",
			);
			runOnlyForDeploymentPostprocessing = 0;
			shellPath = /bin/sh;
			shellScript = "diff \"${PODS_PODFILE_DIR_PATH}/Podfile.lock\" \"${PODS_ROOT}/Manifest.lock\" > /dev/null\nif [ $? != 0 ] ; then\n    # print error to STDERR\n    echo \"error: The sandbox is not in sync with the Podfile.lock. Run 'pod install' or update your CocoaPods installation.\" >&2\n    exit 1\nfi\n# This output is used by Xcode 'outputs' to avoid re-running this script phase.\necho \"SUCCESS\" > \"${SCRIPT_OUTPUT_FILE_0}\"\n";
			showEnvVarsInLog = 0;
		};
		8F63EDC0D21A1BBBAD56A2AB /* [CP] Embed Pods Frameworks */ = {
			isa = PBXShellScriptBuildPhase;
			buildActionMask = 2147483647;
			files = (
			);
			inputFileListPaths = (
				"${PODS_ROOT}/Target Support Files/Pods-TodoListApp-TodoListAppUITests/Pods-TodoListApp-TodoListAppUITests-frameworks-${CONFIGURATION}-input-files.xcfilelist",
			);
			name = "[CP] Embed Pods Frameworks";
			outputFileListPaths = (
				"${PODS_ROOT}/Target Support Files/Pods-TodoListApp-TodoListAppUITests/Pods-TodoListApp-TodoListAppUITests-frameworks-${CONFIGURATION}-output-files.xcfilelist",
			);
			runOnlyForDeploymentPostprocessing = 0;
			shellPath = /bin/sh;
			shellScript = "\"${PODS_ROOT}/Target Support Files/Pods-TodoListApp-TodoListAppUITests/Pods-TodoListApp-TodoListAppUITests-frameworks.sh\"\n";
			showEnvVarsInLog = 0;
		};
		A8D34238675033A14B507BD0 /* [CP] Check Pods Manifest.lock */ = {
			isa = PBXShellScriptBuildPhase;
			buildActionMask = 2147483647;
			files = (
			);
			inputFileListPaths = (
			);
			inputPaths = (
				"${PODS_PODFILE_DIR_PATH}/Podfile.lock",
				"${PODS_ROOT}/Manifest.lock",
			);
			name = "[CP] Check Pods Manifest.lock";
			outputFileListPaths = (
			);
			outputPaths = (
				"$(DERIVED_FILE_DIR)/Pods-TodoListApp-checkManifestLockResult.txt",
			);
			runOnlyForDeploymentPostprocessing = 0;
			shellPath = /bin/sh;
			shellScript = "diff \"${PODS_PODFILE_DIR_PATH}/Podfile.lock\" \"${PODS_ROOT}/Manifest.lock\" > /dev/null\nif [ $? != 0 ] ; then\n    # print error to STDERR\n    echo \"error: The sandbox is not in sync with the Podfile.lock. Run 'pod install' or update your CocoaPods installation.\" >&2\n    exit 1\nfi\n# This output is used by Xcode 'outputs' to avoid re-running this script phase.\necho \"SUCCESS\" > \"${SCRIPT_OUTPUT_FILE_0}\"\n";
			showEnvVarsInLog = 0;
		};
/* End PBXShellScriptBuildPhase section */

/* Begin PBXSourcesBuildPhase section */
		A4427C5A282AFFEA00465A65 /* Sources */ = {
			isa = PBXSourcesBuildPhase;
			buildActionMask = 2147483647;
			files = (
				A4427C64282AFFEB00465A65 /* ContentView.swift in Sources */,
				A4427C62282AFFEB00465A65 /* TodoListAppApp.swift in Sources */,
			);
			runOnlyForDeploymentPostprocessing = 0;
		};
		A4427C6A282AFFEE00465A65 /* Sources */ = {
			isa = PBXSourcesBuildPhase;
			buildActionMask = 2147483647;
			files = (
				A4427C73282AFFEE00465A65 /* TodoListAppTests.swift in Sources */,
			);
			runOnlyForDeploymentPostprocessing = 0;
		};
		A4427C74282AFFEE00465A65 /* Sources */ = {
			isa = PBXSourcesBuildPhase;
			buildActionMask = 2147483647;
			files = (
				A4427C92282B01DB00465A65 /* CucumberishInitializer.swift in Sources */,
				A4427C95282EB68400465A65 /* TodoListHomePage.swift in Sources */,
				A4427C90282B015C00465A65 /* CucumberishLoader.m in Sources */,
			);
			runOnlyForDeploymentPostprocessing = 0;
		};
/* End PBXSourcesBuildPhase section */

/* Begin PBXTargetDependency section */
		A4427C70282AFFEE00465A65 /* PBXTargetDependency */ = {
			isa = PBXTargetDependency;
			target = A4427C5D282AFFEA00465A65 /* TodoListApp */;
			targetProxy = A4427C6F282AFFEE00465A65 /* PBXContainerItemProxy */;
		};
		A4427C7A282AFFEE00465A65 /* PBXTargetDependency */ = {
			isa = PBXTargetDependency;
			target = A4427C5D282AFFEA00465A65 /* TodoListApp */;
			targetProxy = A4427C79282AFFEE00465A65 /* PBXContainerItemProxy */;
		};
/* End PBXTargetDependency section */

/* Begin XCBuildConfiguration section */
		A4427C80282AFFEE00465A65 /* Debug */ = {
			isa = XCBuildConfiguration;
			buildSettings = {
				ALWAYS_SEARCH_USER_PATHS = NO;
				CLANG_ANALYZER_NONNULL = YES;
				CLANG_ANALYZER_NUMBER_OBJECT_CONVERSION = YES_AGGRESSIVE;
				CLANG_CXX_LANGUAGE_STANDARD = "gnu++17";
				CLANG_CXX_LIBRARY = "libc++";
				CLANG_ENABLE_MODULES = YES;
				CLANG_ENABLE_OBJC_ARC = YES;
				CLANG_ENABLE_OBJC_WEAK = YES;
				CLANG_WARN_BLOCK_CAPTURE_AUTORELEASING = YES;
				CLANG_WARN_BOOL_CONVERSION = YES;
				CLANG_WARN_COMMA = YES;
				CLANG_WARN_CONSTANT_CONVERSION = YES;
				CLANG_WARN_DEPRECATED_OBJC_IMPLEMENTATIONS = YES;
				CLANG_WARN_DIRECT_OBJC_ISA_USAGE = YES_ERROR;
				CLANG_WARN_DOCUMENTATION_COMMENTS = YES;
				CLANG_WARN_EMPTY_BODY = YES;
				CLANG_WARN_ENUM_CONVERSION = YES;
				CLANG_WARN_INFINITE_RECURSION = YES;
				CLANG_WARN_INT_CONVERSION = YES;
				CLANG_WARN_NON_LITERAL_NULL_CONVERSION = YES;
				CLANG_WARN_OBJC_IMPLICIT_RETAIN_SELF = YES;
				CLANG_WARN_OBJC_LITERAL_CONVERSION = YES;
				CLANG_WARN_OBJC_ROOT_CLASS = YES_ERROR;
				CLANG_WARN_QUOTED_INCLUDE_IN_FRAMEWORK_HEADER = YES;
				CLANG_WARN_RANGE_LOOP_ANALYSIS = YES;
				CLANG_WARN_STRICT_PROTOTYPES = YES;
				CLANG_WARN_SUSPICIOUS_MOVE = YES;
				CLANG_WARN_UNGUARDED_AVAILABILITY = YES_AGGRESSIVE;
				CLANG_WARN_UNREACHABLE_CODE = YES;
				CLANG_WARN__DUPLICATE_METHOD_MATCH = YES;
				COPY_PHASE_STRIP = NO;
				DEBUG_INFORMATION_FORMAT = dwarf;
				ENABLE_STRICT_OBJC_MSGSEND = YES;
				ENABLE_TESTABILITY = YES;
				GCC_C_LANGUAGE_STANDARD = gnu11;
				GCC_DYNAMIC_NO_PIC = NO;
				GCC_NO_COMMON_BLOCKS = YES;
				GCC_OPTIMIZATION_LEVEL = 0;
				GCC_PREPROCESSOR_DEFINITIONS = (
					"DEBUG=1",
					"$(inherited)",
				);
				GCC_WARN_64_TO_32_BIT_CONVERSION = YES;
				GCC_WARN_ABOUT_RETURN_TYPE = YES_ERROR;
				GCC_WARN_UNDECLARED_SELECTOR = YES;
				GCC_WARN_UNINITIALIZED_AUTOS = YES_AGGRESSIVE;
				GCC_WARN_UNUSED_FUNCTION = YES;
				GCC_WARN_UNUSED_VARIABLE = YES;
				IPHONEOS_DEPLOYMENT_TARGET = 15.2;
				MTL_ENABLE_DEBUG_INFO = INCLUDE_SOURCE;
				MTL_FAST_MATH = YES;
				ONLY_ACTIVE_ARCH = YES;
				SDKROOT = iphoneos;
				SWIFT_ACTIVE_COMPILATION_CONDITIONS = DEBUG;
				SWIFT_OPTIMIZATION_LEVEL = "-Onone";
			};
			name = Debug;
		};
		A4427C81282AFFEE00465A65 /* Release */ = {
			isa = XCBuildConfiguration;
			buildSettings = {
				ALWAYS_SEARCH_USER_PATHS = NO;
				CLANG_ANALYZER_NONNULL = YES;
				CLANG_ANALYZER_NUMBER_OBJECT_CONVERSION = YES_AGGRESSIVE;
				CLANG_CXX_LANGUAGE_STANDARD = "gnu++17";
				CLANG_CXX_LIBRARY = "libc++";
				CLANG_ENABLE_MODULES = YES;
				CLANG_ENABLE_OBJC_ARC = YES;
				CLANG_ENABLE_OBJC_WEAK = YES;
				CLANG_WARN_BLOCK_CAPTURE_AUTORELEASING = YES;
				CLANG_WARN_BOOL_CONVERSION = YES;
				CLANG_WARN_COMMA = YES;
				CLANG_WARN_CONSTANT_CONVERSION = YES;
				CLANG_WARN_DEPRECATED_OBJC_IMPLEMENTATIONS = YES;
				CLANG_WARN_DIRECT_OBJC_ISA_USAGE = YES_ERROR;
				CLANG_WARN_DOCUMENTATION_COMMENTS = YES;
				CLANG_WARN_EMPTY_BODY = YES;
				CLANG_WARN_ENUM_CONVERSION = YES;
				CLANG_WARN_INFINITE_RECURSION = YES;
				CLANG_WARN_INT_CONVERSION = YES;
				CLANG_WARN_NON_LITERAL_NULL_CONVERSION = YES;
				CLANG_WARN_OBJC_IMPLICIT_RETAIN_SELF = YES;
				CLANG_WARN_OBJC_LITERAL_CONVERSION = YES;
				CLANG_WARN_OBJC_ROOT_CLASS = YES_ERROR;
				CLANG_WARN_QUOTED_INCLUDE_IN_FRAMEWORK_HEADER = YES;
				CLANG_WARN_RANGE_LOOP_ANALYSIS = YES;
				CLANG_WARN_STRICT_PROTOTYPES = YES;
				CLANG_WARN_SUSPICIOUS_MOVE = YES;
				CLANG_WARN_UNGUARDED_AVAILABILITY = YES_AGGRESSIVE;
				CLANG_WARN_UNREACHABLE_CODE = YES;
				CLANG_WARN__DUPLICATE_METHOD_MATCH = YES;
				COPY_PHASE_STRIP = NO;
				DEBUG_INFORMATION_FORMAT = "dwarf-with-dsym";
				ENABLE_NS_ASSERTIONS = NO;
				ENABLE_STRICT_OBJC_MSGSEND = YES;
				GCC_C_LANGUAGE_STANDARD = gnu11;
				GCC_NO_COMMON_BLOCKS = YES;
				GCC_WARN_64_TO_32_BIT_CONVERSION = YES;
				GCC_WARN_ABOUT_RETURN_TYPE = YES_ERROR;
				GCC_WARN_UNDECLARED_SELECTOR = YES;
				GCC_WARN_UNINITIALIZED_AUTOS = YES_AGGRESSIVE;
				GCC_WARN_UNUSED_FUNCTION = YES;
				GCC_WARN_UNUSED_VARIABLE = YES;
				IPHONEOS_DEPLOYMENT_TARGET = 15.2;
				MTL_ENABLE_DEBUG_INFO = NO;
				MTL_FAST_MATH = YES;
				SDKROOT = iphoneos;
				SWIFT_COMPILATION_MODE = wholemodule;
				SWIFT_OPTIMIZATION_LEVEL = "-O";
				VALIDATE_PRODUCT = YES;
			};
			name = Release;
		};
		A4427C83282AFFEE00465A65 /* Debug */ = {
			isa = XCBuildConfiguration;
			baseConfigurationReference = 4A5A6218A2DF7AE77AE5A1C6 /* Pods-TodoListApp.debug.xcconfig */;
			buildSettings = {
				ASSETCATALOG_COMPILER_APPICON_NAME = AppIcon;
				ASSETCATALOG_COMPILER_GLOBAL_ACCENT_COLOR_NAME = AccentColor;
				CODE_SIGN_STYLE = Automatic;
				CURRENT_PROJECT_VERSION = 1;
				DEVELOPMENT_ASSET_PATHS = "\"TodoListApp/Preview Content\"";
				DEVELOPMENT_TEAM = WQWCUMF3L5;
				ENABLE_PREVIEWS = YES;
				GENERATE_INFOPLIST_FILE = YES;
				INFOPLIST_KEY_UIApplicationSceneManifest_Generation = YES;
				INFOPLIST_KEY_UIApplicationSupportsIndirectInputEvents = YES;
				INFOPLIST_KEY_UILaunchScreen_Generation = YES;
				INFOPLIST_KEY_UISupportedInterfaceOrientations_iPad = "UIInterfaceOrientationPortrait UIInterfaceOrientationPortraitUpsideDown UIInterfaceOrientationLandscapeLeft UIInterfaceOrientationLandscapeRight";
				INFOPLIST_KEY_UISupportedInterfaceOrientations_iPhone = "UIInterfaceOrientationPortrait UIInterfaceOrientationLandscapeLeft UIInterfaceOrientationLandscapeRight";
				LD_RUNPATH_SEARCH_PATHS = (
					"$(inherited)",
					"@executable_path/Frameworks",
				);
				MARKETING_VERSION = 1.0;
				PRODUCT_BUNDLE_IDENTIFIER = br.com.luannluna.TodoListApp;
				PRODUCT_NAME = "$(TARGET_NAME)";
				SWIFT_EMIT_LOC_STRINGS = YES;
				SWIFT_VERSION = 5.0;
				TARGETED_DEVICE_FAMILY = "1,2";
			};
			name = Debug;
		};
		A4427C84282AFFEE00465A65 /* Release */ = {
			isa = XCBuildConfiguration;
			baseConfigurationReference = 90D3BF9E9AB30456965D9AB9 /* Pods-TodoListApp.release.xcconfig */;
			buildSettings = {
				ASSETCATALOG_COMPILER_APPICON_NAME = AppIcon;
				ASSETCATALOG_COMPILER_GLOBAL_ACCENT_COLOR_NAME = AccentColor;
				CODE_SIGN_STYLE = Automatic;
				CURRENT_PROJECT_VERSION = 1;
				DEVELOPMENT_ASSET_PATHS = "\"TodoListApp/Preview Content\"";
				DEVELOPMENT_TEAM = WQWCUMF3L5;
				ENABLE_PREVIEWS = YES;
				GENERATE_INFOPLIST_FILE = YES;
				INFOPLIST_KEY_UIApplicationSceneManifest_Generation = YES;
				INFOPLIST_KEY_UIApplicationSupportsIndirectInputEvents = YES;
				INFOPLIST_KEY_UILaunchScreen_Generation = YES;
				INFOPLIST_KEY_UISupportedInterfaceOrientations_iPad = "UIInterfaceOrientationPortrait UIInterfaceOrientationPortraitUpsideDown UIInterfaceOrientationLandscapeLeft UIInterfaceOrientationLandscapeRight";
				INFOPLIST_KEY_UISupportedInterfaceOrientations_iPhone = "UIInterfaceOrientationPortrait UIInterfaceOrientationLandscapeLeft UIInterfaceOrientationLandscapeRight";
				LD_RUNPATH_SEARCH_PATHS = (
					"$(inherited)",
					"@executable_path/Frameworks",
				);
				MARKETING_VERSION = 1.0;
				PRODUCT_BUNDLE_IDENTIFIER = br.com.luannluna.TodoListApp;
				PRODUCT_NAME = "$(TARGET_NAME)";
				SWIFT_EMIT_LOC_STRINGS = YES;
				SWIFT_VERSION = 5.0;
				TARGETED_DEVICE_FAMILY = "1,2";
			};
			name = Release;
		};
		A4427C86282AFFEE00465A65 /* Debug */ = {
			isa = XCBuildConfiguration;
			baseConfigurationReference = AA56AA2F0CBCC9E75E657372 /* Pods-TodoListAppTests.debug.xcconfig */;
			buildSettings = {
				ALWAYS_EMBED_SWIFT_STANDARD_LIBRARIES = YES;
				BUNDLE_LOADER = "$(TEST_HOST)";
				CODE_SIGN_STYLE = Automatic;
				CURRENT_PROJECT_VERSION = 1;
				DEVELOPMENT_TEAM = WQWCUMF3L5;
				GENERATE_INFOPLIST_FILE = YES;
				IPHONEOS_DEPLOYMENT_TARGET = 15.2;
				MARKETING_VERSION = 1.0;
				PRODUCT_BUNDLE_IDENTIFIER = br.com.luannluna.TodoListAppTests;
				PRODUCT_NAME = "$(TARGET_NAME)";
				SWIFT_EMIT_LOC_STRINGS = NO;
				SWIFT_VERSION = 5.0;
				TARGETED_DEVICE_FAMILY = "1,2";
				TEST_HOST = "$(BUILT_PRODUCTS_DIR)/TodoListApp.app/TodoListApp";
			};
			name = Debug;
		};
		A4427C87282AFFEE00465A65 /* Release */ = {
			isa = XCBuildConfiguration;
			baseConfigurationReference = CEBDE3DCDD970DE10A7573AF /* Pods-TodoListAppTests.release.xcconfig */;
			buildSettings = {
				ALWAYS_EMBED_SWIFT_STANDARD_LIBRARIES = YES;
				BUNDLE_LOADER = "$(TEST_HOST)";
				CODE_SIGN_STYLE = Automatic;
				CURRENT_PROJECT_VERSION = 1;
				DEVELOPMENT_TEAM = WQWCUMF3L5;
				GENERATE_INFOPLIST_FILE = YES;
				IPHONEOS_DEPLOYMENT_TARGET = 15.2;
				MARKETING_VERSION = 1.0;
				PRODUCT_BUNDLE_IDENTIFIER = br.com.luannluna.TodoListAppTests;
				PRODUCT_NAME = "$(TARGET_NAME)";
				SWIFT_EMIT_LOC_STRINGS = NO;
				SWIFT_VERSION = 5.0;
				TARGETED_DEVICE_FAMILY = "1,2";
				TEST_HOST = "$(BUILT_PRODUCTS_DIR)/TodoListApp.app/TodoListApp";
			};
			name = Release;
		};
		A4427C89282AFFEE00465A65 /* Debug */ = {
			isa = XCBuildConfiguration;
			baseConfigurationReference = E550FEBC360BF3BAFB0B3C83 /* Pods-TodoListApp-TodoListAppUITests.debug.xcconfig */;
			buildSettings = {
				ALWAYS_EMBED_SWIFT_STANDARD_LIBRARIES = YES;
				CLANG_ENABLE_MODULES = YES;
				CODE_SIGN_STYLE = Automatic;
				CURRENT_PROJECT_VERSION = 1;
				DEVELOPMENT_TEAM = WQWCUMF3L5;
				GENERATE_INFOPLIST_FILE = YES;
				LD_RUNPATH_SEARCH_PATHS = (
					"$(inherited)",
					"@executable_path/Frameworks",
					"@loader_path/Frameworks",
				);
				MARKETING_VERSION = 1.0;
				PRODUCT_BUNDLE_IDENTIFIER = br.com.luannluna.TodoListAppUITests;
				PRODUCT_NAME = "$(TARGET_NAME)";
				SWIFT_EMIT_LOC_STRINGS = NO;
				SWIFT_OBJC_BRIDGING_HEADER = "TodoListAppUITests/TodoListAppUITests-Bridging-Header.h";
				SWIFT_OPTIMIZATION_LEVEL = "-Onone";
				SWIFT_VERSION = 5.0;
				TARGETED_DEVICE_FAMILY = "1,2";
				TEST_TARGET_NAME = TodoListApp;
			};
			name = Debug;
		};
		A4427C8A282AFFEE00465A65 /* Release */ = {
			isa = XCBuildConfiguration;
			baseConfigurationReference = 183A90E3CB1CF7BF2E60C144 /* Pods-TodoListApp-TodoListAppUITests.release.xcconfig */;
			buildSettings = {
				ALWAYS_EMBED_SWIFT_STANDARD_LIBRARIES = YES;
				CLANG_ENABLE_MODULES = YES;
				CODE_SIGN_STYLE = Automatic;
				CURRENT_PROJECT_VERSION = 1;
				DEVELOPMENT_TEAM = WQWCUMF3L5;
				GENERATE_INFOPLIST_FILE = YES;
				LD_RUNPATH_SEARCH_PATHS = (
					"$(inherited)",
					"@executable_path/Frameworks",
					"@loader_path/Frameworks",
				);
				MARKETING_VERSION = 1.0;
				PRODUCT_BUNDLE_IDENTIFIER = br.com.luannluna.TodoListAppUITests;
				PRODUCT_NAME = "$(TARGET_NAME)";
				SWIFT_EMIT_LOC_STRINGS = NO;
				SWIFT_OBJC_BRIDGING_HEADER = "TodoListAppUITests/TodoListAppUITests-Bridging-Header.h";
				SWIFT_VERSION = 5.0;
				TARGETED_DEVICE_FAMILY = "1,2";
				TEST_TARGET_NAME = TodoListApp;
			};
			name = Release;
		};
/* End XCBuildConfiguration section */

/* Begin XCConfigurationList section */
		A4427C59282AFFEA00465A65 /* Build configuration list for PBXProject "TodoListApp" */ = {
			isa = XCConfigurationList;
			buildConfigurations = (
				A4427C80282AFFEE00465A65 /* Debug */,
				A4427C81282AFFEE00465A65 /* Release */,
			);
			defaultConfigurationIsVisible = 0;
			defaultConfigurationName = Release;
		};
		A4427C82282AFFEE00465A65 /* Build configuration list for PBXNativeTarget "TodoListApp" */ = {
			isa = XCConfigurationList;
			buildConfigurations = (
				A4427C83282AFFEE00465A65 /* Debug */,
				A4427C84282AFFEE00465A65 /* Release */,
			);
			defaultConfigurationIsVisible = 0;
			defaultConfigurationName = Release;
		};
		A4427C85282AFFEE00465A65 /* Build configuration list for PBXNativeTarget "TodoListAppTests" */ = {
			isa = XCConfigurationList;
			buildConfigurations = (
				A4427C86282AFFEE00465A65 /* Debug */,
				A4427C87282AFFEE00465A65 /* Release */,
			);
			defaultConfigurationIsVisible = 0;
			defaultConfigurationName = Release;
		};
		A4427C88282AFFEE00465A65 /* Build configuration list for PBXNativeTarget "TodoListAppUITests" */ = {
			isa = XCConfigurationList;
			buildConfigurations = (
				A4427C89282AFFEE00465A65 /* Debug */,
				A4427C8A282AFFEE00465A65 /* Release */,
			);
			defaultConfigurationIsVisible = 0;
			defaultConfigurationName = Release;
		};
/* End XCConfigurationList section */
	};
	rootObject = A4427C56282AFFEA00465A65 /* Project object */;
}
